
Microsoft Visual Studio Solution File, Format Version 12.00
# Visual Studio Version 16
VisualStudioVersion = 16.0.34031.81
MinimumVisualStudioVersion = 10.0.40219.1
Project("{FAE04EC0-301F-11D3-BF4B-00C04F79EFBC}") = "character", "character.csproj", "{02AABBCB-E441-4555-ACDF-D501CD438BA6}"
EndProject
Global
	GlobalSection(SolutionConfigurationPlatforms) = preSolution
		Debug|Any CPU = Debug|Any CPU
		Release|Any CPU = Release|Any CPU
	EndGlobalSection
	GlobalSection(ProjectConfigurationPlatforms) = postSolution
		{02AABBCB-E441-4555-ACDF-D501CD438BA6}.Debug|Any CPU.ActiveCfg = Debug|Any CPU
		{02AABBCB-E441-4555-ACDF-D501CD438BA6}.Debug|Any CPU.Build.0 = Debug|Any CPU
		{02AABBCB-E441-4555-ACDF-D501CD438BA6}.Release|Any CPU.ActiveCfg = Release|Any CPU
		{02AABBCB-E441-4555-ACDF-D501CD438BA6}.Release|Any CPU.Build.0 = Release|Any CPU
	EndGlobalSection
	GlobalSection(SolutionProperties) = preSolution
		HideSolutionNode = FALSE
	EndGlobalSection
	GlobalSection(ExtensibilityGlobals) = postSolution
		SolutionGuid = {3CE75ED2-A086-4BC5-B06B-32E79700756D}
	EndGlobalSection
EndGlobal
